
Microsoft Visual Studio Solution File, Format Version 12.00
# Visual Studio Version 16
VisualStudioVersion = 16.0.29709.97
MinimumVisualStudioVersion = 10.0.40219.1
Project("{8BC9CEB8-8B4A-11D0-8D11-00A0C91BC942}") = "ShellFun", "ShellFun\ShellFun.vcxitems", "{8A47C0D6-B2AB-4488-8CA5-133EE15A54AA}"
EndProject
Project("{FAE04EC0-301F-11D3-BF4B-00C04F79EFBC}") = "ShellFunWpf", "ShellFunWpf\ShellFunWpf.csproj", "{27E3139A-E525-4CE0-828D-53A58F161D0A}"
EndProject
Global
	GlobalSection(SolutionConfigurationPlatforms) = preSolution
		Debug|Any CPU = Debug|Any CPU
		Debug|x86 = Debug|x86
		Release|Any CPU = Release|Any CPU
		Release|x86 = Release|x86
	EndGlobalSection
	GlobalSection(ProjectConfigurationPlatforms) = postSolution
		{27E3139A-E525-4CE0-828D-53A58F161D0A}.Debug|Any CPU.ActiveCfg = Debug|Any CPU
		{27E3139A-E525-4CE0-828D-53A58F161D0A}.Debug|Any CPU.Build.0 = Debug|Any CPU
		{27E3139A-E525-4CE0-828D-53A58F161D0A}.Debug|x86.ActiveCfg = Debug|x86
		{27E3139A-E525-4CE0-828D-53A58F161D0A}.Debug|x86.Build.0 = Debug|x86
		{27E3139A-E525-4CE0-828D-53A58F161D0A}.Release|Any CPU.ActiveCfg = Release|Any CPU
		{27E3139A-E525-4CE0-828D-53A58F161D0A}.Release|Any CPU.Build.0 = Release|Any CPU
		{27E3139A-E525-4CE0-828D-53A58F161D0A}.Release|x86.ActiveCfg = Release|x86
		{27E3139A-E525-4CE0-828D-53A58F161D0A}.Release|x86.Build.0 = Release|x86
	EndGlobalSection
	GlobalSection(SolutionProperties) = preSolution
		HideSolutionNode = FALSE
	EndGlobalSection
	GlobalSection(ExtensibilityGlobals) = postSolution
		SolutionGuid = {A98416A3-0B81-4A57-B298-521B5BEBB430}
	EndGlobalSection
EndGlobal
